
Microsoft Visual Studio Solution File, Format Version 12.00
# Visual Studio Version 16
VisualStudioVersion = 16.0.29020.237
MinimumVisualStudioVersion = 10.0.40219.1
Project("{FAE04EC0-301F-11D3-BF4B-00C04F79EFBC}") = "MobyDickProject", "MobyDickProject.csproj", "{42A348B6-5856-4FF7-8D05-3458B15859A2}"
EndProject
Global
	GlobalSection(SolutionConfigurationPlatforms) = preSolution
		Debug|Any CPU = Debug|Any CPU
		Release|Any CPU = Release|Any CPU
	EndGlobalSection
	GlobalSection(ProjectConfigurationPlatforms) = postSolution
		{42A348B6-5856-4FF7-8D05-3458B15859A2}.Debug|Any CPU.ActiveCfg = Debug|Any CPU
		{42A348B6-5856-4FF7-8D05-3458B15859A2}.Debug|Any CPU.Build.0 = Debug|Any CPU
		{42A348B6-5856-4FF7-8D05-3458B15859A2}.Release|Any CPU.ActiveCfg = Release|Any CPU
		{42A348B6-5856-4FF7-8D05-3458B15859A2}.Release|Any CPU.Build.0 = Release|Any CPU
	EndGlobalSection
	GlobalSection(SolutionProperties) = preSolution
		HideSolutionNode = FALSE
	EndGlobalSection
	GlobalSection(ExtensibilityGlobals) = postSolution
		SolutionGuid = {430D8DB9-70EA-477E-9798-9C7DDDAEB2FD}
	EndGlobalSection
EndGlobal
